{
  "name": "proxy",
  "version": "0.2.0",
  "lockfileVersion": 2,
  "requires": true,
  "packages": {
    "": {
      "name": "proxy",
      "version": "0.2.0",
      "license": "ISC",
      "dependencies": {
        "body": "^5.1.0",
        "body-parser": "^1.19.0",
        "fs": "^0.0.1-security",
        "http-proxy": "^1.18.1",
        "http-status-codes": "^2.1.4",
        "md5": "^2.3.0",
        "node-cache": "^5.1.2",
        "node-forge": "^0.10.0",
        "object-hash": "^2.2.0"
      },
      "devDependencies": {
        "@types/body": "^5.1.1",
        "@types/body-parser": "^1.19.2",
        "@types/http-proxy": "^1.17.8",
        "@types/md5": "^2.3.1",
        "@types/node-forge": "^0.10.10",
        "@types/object-hash": "^2.2.1"
      }
    },
    "node_modules/@types/body": {
      "version": "5.1.1",
      "resolved": "https://artifactory.service.bo1.csnzoo.com/artifactory/api/npm/npm/@types/body/-/body-5.1.1.tgz",
      "integrity": "sha1-yemkIH90nlnyntEvdwiNhMYFiy4=",
      "dev": true,
      "license": "MIT",
      "dependencies": {
        "@types/node": "*"
      }
    },
    "node_modules/@types/body-parser": {
      "version": "1.19.2",
      "resolved": "https://artifactory.service.bo1.csnzoo.com/artifactory/api/npm/npm/@types/body-parser/-/body-parser-1.19.2.tgz",
      "integrity": "sha1-rqIFnii3ZYY5CBNHrE+rPeFm5vA=",
      "dev": true,
      "license": "MIT",
      "dependencies": {
        "@types/connect": "*",
        "@types/node": "*"
      }
    },
    "node_modules/@types/connect": {
      "version": "3.4.35",
      "resolved": "https://artifactory.service.bo1.csnzoo.com/artifactory/api/npm/npm/@types/connect/-/connect-3.4.35.tgz",
      "integrity": "sha1-X89q5EXkAh0fwiGaSHPMc6O7KtE=",
      "dev": true,
      "license": "MIT",
      "dependencies": {
        "@types/node": "*"
      }
    },
    "node_modules/@types/http-proxy": {
      "version": "1.17.8",
      "resolved": "https://artifactory.service.bo1.csnzoo.com/artifactory/api/npm/npm/@types/http-proxy/-/http-proxy-1.17.8.tgz",
      "integrity": "sha1-loxmkD5+QrSDYIAw7oWADyLQP1U=",
      "dev": true,
      "license": "MIT",
      "dependencies": {
        "@types/node": "*"
      }
    },
    "node_modules/@types/md5": {
      "version": "2.3.1",
      "resolved": "https://artifactory.service.bo1.csnzoo.com/artifactory/api/npm/npm/@types/md5/-/md5-2.3.1.tgz",
      "integrity": "sha1-AQvPO7UKLP86V0yxwLQFGpxn1rw=",
      "dev": true,
      "license": "MIT",
      "dependencies": {
        "@types/node": "*"
      }
    },
    "node_modules/@types/node": {
      "version": "17.0.14",
      "resolved": "https://artifactory.service.bo1.csnzoo.com/artifactory/api/npm/npm/@types/node/-/node-17.0.14.tgz",
      "integrity": "sha1-M7m5T3iaj+3TCmjv28pNuwa2HyA=",
      "dev": true,
      "license": "MIT"
    },
    "node_modules/@types/node-forge": {
      "version": "0.10.10",
      "resolved": "https://artifactory.service.bo1.csnzoo.com/artifactory/api/npm/npm/@types/node-forge/-/node-forge-0.10.10.tgz",
      "integrity": "sha1-B//M8Pfz67l95nRGVVkSgDvlDns=",
      "dev": true,
      "license": "MIT",
      "dependencies": {
        "@types/node": "*"
      }
    },
    "node_modules/@types/object-hash": {
      "version": "2.2.1",
      "resolved": "https://artifactory.service.bo1.csnzoo.com/artifactory/api/npm/npm/@types/object-hash/-/object-hash-2.2.1.tgz",
      "integrity": "sha1-Z8Fp+PAz4LYqu/gd8tAPRZjVQLk=",
      "dev": true,
      "license": "MIT"
    },
    "node_modules/body": {
      "version": "5.1.0",
      "resolved": "https://artifactory.service.bo1.csnzoo.com/artifactory/api/npm/npm/body/-/body-5.1.0.tgz",
      "integrity": "sha1-5LoM5BCkaTYyM2dgnstOZVMSUGk=",
      "dependencies": {
        "continuable-cache": "^0.3.1",
        "error": "^7.0.0",
        "raw-body": "~1.1.0",
        "safe-json-parse": "~1.0.1"
      }
    },
    "node_modules/body-parser": {
      "version": "1.19.1",
      "resolved": "https://artifactory.service.bo1.csnzoo.com/artifactory/api/npm/npm/body-parser/-/body-parser-1.19.1.tgz",
      "integrity": "sha1-FJmruqknSvPsyfbxA5bJlZQ+MdQ=",
      "license": "MIT",
      "dependencies": {
        "bytes": "3.1.1",
        "content-type": "~1.0.4",
        "debug": "2.6.9",
        "depd": "~1.1.2",
        "http-errors": "1.8.1",
        "iconv-lite": "0.4.24",
        "on-finished": "~2.3.0",
        "qs": "6.9.6",
        "raw-body": "2.4.2",
        "type-is": "~1.6.18"
      },
      "engines": {
        "node": ">= 0.8"
      }
    },
    "node_modules/body-parser/node_modules/raw-body": {
      "version": "2.4.2",
      "resolved": "https://artifactory.service.bo1.csnzoo.com/artifactory/api/npm/npm/raw-body/-/raw-body-2.4.2.tgz",
      "integrity": "sha1-uvPpwh7rztWd1lM6yHK3H3thyzI=",
      "license": "MIT",
      "dependencies": {
        "bytes": "3.1.1",
        "http-errors": "1.8.1",
        "iconv-lite": "0.4.24",
        "unpipe": "1.0.0"
      },
      "engines": {
        "node": ">= 0.8"
      }
    },
    "node_modules/bytes": {
      "version": "3.1.1",
      "resolved": "https://artifactory.service.bo1.csnzoo.com/artifactory/api/npm/npm/bytes/-/bytes-3.1.1.tgz",
      "integrity": "sha1-PwGCkctMutmsy25pcLypyIieh5o=",
      "license": "MIT",
      "engines": {
        "node": ">= 0.8"
      }
    },
    "node_modules/charenc": {
      "version": "0.0.2",
      "resolved": "https://artifactory.service.bo1.csnzoo.com/artifactory/api/npm/npm/charenc/-/charenc-0.0.2.tgz",
      "integrity": "sha1-wKHS86cJLgN3S/qD8UwPxXkKhmc=",
      "license": "BSD-3-Clause",
      "engines": {
        "node": "*"
      }
    },
    "node_modules/clone": {
      "version": "2.1.2",
      "resolved": "https://artifactory.service.bo1.csnzoo.com/artifactory/api/npm/npm/clone/-/clone-2.1.2.tgz",
      "integrity": "sha1-G39Ln1kfHo+DZwQBYANFoCiHQ18=",
      "license": "MIT",
      "engines": {
        "node": ">=0.8"
      }
    },
    "node_modules/content-type": {
      "version": "1.0.4",
      "resolved": "https://artifactory.service.bo1.csnzoo.com/artifactory/api/npm/npm/content-type/-/content-type-1.0.4.tgz",
      "integrity": "sha1-4TjMdeBAxyexlm/l5fjJruJW/js=",
      "license": "MIT",
      "engines": {
        "node": ">= 0.6"
      }
    },
    "node_modules/continuable-cache": {
      "version": "0.3.1",
      "resolved": "https://artifactory.service.bo1.csnzoo.com/artifactory/api/npm/npm/continuable-cache/-/continuable-cache-0.3.1.tgz",
      "integrity": "sha1-vXJ6f67XfnH/OYWskzUakSczrQ8="
    },
    "node_modules/crypt": {
      "version": "0.0.2",
      "resolved": "https://artifactory.service.bo1.csnzoo.com/artifactory/api/npm/npm/crypt/-/crypt-0.0.2.tgz",
      "integrity": "sha1-iNf/fsDfuG9xPch7u0LQRNPmxBs=",
      "license": "BSD-3-Clause",
      "engines": {
        "node": "*"
      }
    },
    "node_modules/debug": {
      "version": "2.6.9",
      "resolved": "https://artifactory.service.bo1.csnzoo.com/artifactory/api/npm/npm/debug/-/debug-2.6.9.tgz",
      "integrity": "sha1-XRKFFd8TT/Mn6QpMk/Tgd6U2NB8=",
      "license": "MIT",
      "dependencies": {
        "ms": "2.0.0"
      }
    },
    "node_modules/depd": {
      "version": "1.1.2",
      "resolved": "https://artifactory.service.bo1.csnzoo.com/artifactory/api/npm/npm/depd/-/depd-1.1.2.tgz",
      "integrity": "sha1-m81S4UwJd2PnSbJ0xDRu0uVgtak=",
      "license": "MIT",
      "engines": {
        "node": ">= 0.6"
      }
    },
    "node_modules/ee-first": {
      "version": "1.1.1",
      "resolved": "https://artifactory.service.bo1.csnzoo.com/artifactory/api/npm/npm/ee-first/-/ee-first-1.1.1.tgz",
      "integrity": "sha1-WQxhFWsK4vTwJVcyoViyZrxWsh0=",
      "license": "MIT"
    },
    "node_modules/error": {
      "version": "7.2.1",
      "resolved": "https://artifactory.service.bo1.csnzoo.com/artifactory/api/npm/npm/error/-/error-7.2.1.tgz",
      "integrity": "sha1-6rIaRom19oT8g9qEoOOQ3oLZSJQ=",
      "dependencies": {
        "string-template": "~0.2.1"
      }
    },
    "node_modules/eventemitter3": {
      "version": "4.0.7",
      "resolved": "https://artifactory.service.bo1.csnzoo.com/artifactory/api/npm/npm/eventemitter3/-/eventemitter3-4.0.7.tgz",
      "integrity": "sha1-Lem2j2Uo1WRO9cWVJqG0oHMGFp8=",
      "license": "MIT"
    },
    "node_modules/follow-redirects": {
      "version": "1.14.7",
      "resolved": "https://artifactory.service.bo1.csnzoo.com/artifactory/api/npm/npm/follow-redirects/-/follow-redirects-1.14.7.tgz",
      "integrity": "sha1-IATALrlDbu6aIURqZHfevxfoFoU=",
      "funding": [
        {
          "type": "individual",
          "url": "https://github.com/sponsors/RubenVerborgh"
        }
      ],
      "license": "MIT",
      "engines": {
        "node": ">=4.0"
      },
      "peerDependenciesMeta": {
        "debug": {
          "optional": true
        }
      }
    },
    "node_modules/fs": {
      "version": "0.0.1-security",
      "resolved": "https://artifactory.service.bo1.csnzoo.com/artifactory/api/npm/npm/fs/-/fs-0.0.1-security.tgz",
      "integrity": "sha1-invTcYa23d84E/I4WLV+yq9eQdQ=",
      "license": "ISC"
    },
    "node_modules/http-errors": {
      "version": "1.8.1",
      "resolved": "https://artifactory.service.bo1.csnzoo.com/artifactory/api/npm/npm/http-errors/-/http-errors-1.8.1.tgz",
      "integrity": "sha1-fD8oV3y8iiBziEVdvWIpXtB71ow=",
      "license": "MIT",
      "dependencies": {
        "depd": "~1.1.2",
        "inherits": "2.0.4",
        "setprototypeof": "1.2.0",
        "statuses": ">= 1.5.0 < 2",
        "toidentifier": "1.0.1"
      },
      "engines": {
        "node": ">= 0.6"
      }
    },
    "node_modules/http-proxy": {
      "version": "1.18.1",
      "resolved": "https://artifactory.service.bo1.csnzoo.com/artifactory/api/npm/npm/http-proxy/-/http-proxy-1.18.1.tgz",
      "integrity": "sha1-QBVB8FNIhLv5UmAzTnL4juOXZUk=",
      "license": "MIT",
      "dependencies": {
        "eventemitter3": "^4.0.0",
        "follow-redirects": "^1.0.0",
        "requires-port": "^1.0.0"
      },
      "engines": {
        "node": ">=8.0.0"
      }
    },
    "node_modules/http-status-codes": {
      "version": "2.2.0",
      "resolved": "https://artifactory.service.bo1.csnzoo.com/artifactory/api/npm/npm/http-status-codes/-/http-status-codes-2.2.0.tgz",
      "integrity": "sha1-uy7+Y9lB38K+GOFfcD2lJRaWIr4=",
      "license": "MIT"
    },
    "node_modules/iconv-lite": {
      "version": "0.4.24",
      "resolved": "https://artifactory.service.bo1.csnzoo.com/artifactory/api/npm/npm/iconv-lite/-/iconv-lite-0.4.24.tgz",
      "integrity": "sha1-ICK0sl+93CHS9SSXSkdKr+czkIs=",
      "license": "MIT",
      "dependencies": {
        "safer-buffer": ">= 2.1.2 < 3"
      },
      "engines": {
        "node": ">=0.10.0"
      }
    },
    "node_modules/inherits": {
      "version": "2.0.4",
      "resolved": "https://artifactory.service.bo1.csnzoo.com/artifactory/api/npm/npm/inherits/-/inherits-2.0.4.tgz",
      "integrity": "sha1-D6LGT5MpF8NDOg3tVTY6rjdBa3w=",
      "license": "ISC"
    },
    "node_modules/is-buffer": {
      "version": "1.1.6",
      "resolved": "https://artifactory.service.bo1.csnzoo.com/artifactory/api/npm/npm/is-buffer/-/is-buffer-1.1.6.tgz",
      "integrity": "sha1-76ouqdqg16suoTqXsritUf776L4=",
      "license": "MIT"
    },
    "node_modules/md5": {
      "version": "2.3.0",
      "resolved": "https://artifactory.service.bo1.csnzoo.com/artifactory/api/npm/npm/md5/-/md5-2.3.0.tgz",
      "integrity": "sha1-w9qaaq46MLRreww0m4exENw72k8=",
      "license": "BSD-3-Clause",
      "dependencies": {
        "charenc": "0.0.2",
        "crypt": "0.0.2",
        "is-buffer": "~1.1.6"
      }
    },
    "node_modules/media-typer": {
      "version": "0.3.0",
      "resolved": "https://artifactory.service.bo1.csnzoo.com/artifactory/api/npm/npm/media-typer/-/media-typer-0.3.0.tgz",
      "integrity": "sha1-hxDXrwqmJvj/+hzgAWhUUmMlV0g=",
      "license": "MIT",
      "engines": {
        "node": ">= 0.6"
      }
    },
    "node_modules/mime-db": {
      "version": "1.51.0",
      "resolved": "https://artifactory.service.bo1.csnzoo.com/artifactory/api/npm/npm/mime-db/-/mime-db-1.51.0.tgz",
      "integrity": "sha1-2f9iRRhZsYNC2WCFDcPPt35j+ww=",
      "license": "MIT",
      "engines": {
        "node": ">= 0.6"
      }
    },
    "node_modules/mime-types": {
      "version": "2.1.34",
      "resolved": "https://artifactory.service.bo1.csnzoo.com/artifactory/api/npm/npm/mime-types/-/mime-types-2.1.34.tgz",
      "integrity": "sha1-WnEvnsFQNRGpRYA2QPr+CdN5PCQ=",
      "license": "MIT",
      "dependencies": {
        "mime-db": "1.51.0"
      },
      "engines": {
        "node": ">= 0.6"
      }
    },
    "node_modules/ms": {
      "version": "2.0.0",
      "resolved": "https://artifactory.service.bo1.csnzoo.com/artifactory/api/npm/npm/ms/-/ms-2.0.0.tgz",
      "integrity": "sha1-VgiurfwAvmwpAd9fmGF4jeDVl8g=",
      "license": "MIT"
    },
    "node_modules/node-cache": {
      "version": "5.1.2",
      "resolved": "https://artifactory.service.bo1.csnzoo.com/artifactory/api/npm/npm/node-cache/-/node-cache-5.1.2.tgz",
      "integrity": "sha1-8mTcLMrQp4DnYlOmlOn9DtGcOY0=",
      "license": "MIT",
      "dependencies": {
        "clone": "2.x"
      },
      "engines": {
        "node": ">= 8.0.0"
      }
    },
    "node_modules/node-forge": {
      "version": "0.10.0",
      "resolved": "https://artifactory.service.bo1.csnzoo.com/artifactory/api/npm/npm/node-forge/-/node-forge-0.10.0.tgz",
      "integrity": "sha1-Mt6ir7Ppkm8C7lzoeUkCaRpna/M=",
      "license": "(BSD-3-Clause OR GPL-2.0)",
      "engines": {
        "node": ">= 6.0.0"
      }
    },
    "node_modules/object-hash": {
      "version": "2.2.0",
      "resolved": "https://artifactory.service.bo1.csnzoo.com/artifactory/api/npm/npm/object-hash/-/object-hash-2.2.0.tgz",
      "integrity": "sha1-WtUYWB7vxEO9djRyuP8unCwNVKU=",
      "license": "MIT",
      "engines": {
        "node": ">= 6"
      }
    },
    "node_modules/on-finished": {
      "version": "2.3.0",
      "resolved": "https://artifactory.service.bo1.csnzoo.com/artifactory/api/npm/npm/on-finished/-/on-finished-2.3.0.tgz",
      "integrity": "sha1-IPEzZIGwg811M3mSoWlxqi2QaUc=",
      "license": "MIT",
      "dependencies": {
        "ee-first": "1.1.1"
      },
      "engines": {
        "node": ">= 0.8"
      }
    },
    "node_modules/qs": {
      "version": "6.9.6",
      "resolved": "https://artifactory.service.bo1.csnzoo.com/artifactory/api/npm/npm/qs/-/qs-6.9.6.tgz",
      "integrity": "sha1-Ju08gkOkMbKSSsqEzJBHHzXVoO4=",
      "license": "BSD-3-Clause",
      "engines": {
        "node": ">=0.6"
      },
      "funding": {
        "url": "https://github.com/sponsors/ljharb"
      }
    },
    "node_modules/raw-body": {
      "version": "1.1.7",
      "resolved": "https://artifactory.service.bo1.csnzoo.com/artifactory/api/npm/npm/raw-body/-/raw-body-1.1.7.tgz",
      "integrity": "sha1-HQJ8K/oRasxmI7yo8AAWVyqH1CU=",
      "license": "MIT",
      "dependencies": {
        "bytes": "1",
        "string_decoder": "0.10"
      },
      "engines": {
        "node": ">= 0.8.0"
      }
    },
    "node_modules/raw-body/node_modules/bytes": {
      "version": "1.0.0",
      "resolved": "https://artifactory.service.bo1.csnzoo.com/artifactory/api/npm/npm/bytes/-/bytes-1.0.0.tgz",
      "integrity": "sha1-NWnt6Lo0MV+rmcPpLLBMciDeH6g="
    },
    "node_modules/requires-port": {
      "version": "1.0.0",
      "resolved": "https://artifactory.service.bo1.csnzoo.com/artifactory/api/npm/npm/requires-port/-/requires-port-1.0.0.tgz",
      "integrity": "sha1-kl0mAdOaxIXgkc8NpcbmlNw9yv8=",
      "license": "MIT"
    },
    "node_modules/safe-json-parse": {
      "version": "1.0.1",
      "resolved": "https://artifactory.service.bo1.csnzoo.com/artifactory/api/npm/npm/safe-json-parse/-/safe-json-parse-1.0.1.tgz",
      "integrity": "sha1-PnZyPjjf3aE8mx0poeB//uSzC1c="
    },
    "node_modules/safer-buffer": {
      "version": "2.1.2",
      "resolved": "https://artifactory.service.bo1.csnzoo.com/artifactory/api/npm/npm/safer-buffer/-/safer-buffer-2.1.2.tgz",
      "integrity": "sha1-RPoWGwGHuVSd2Eu5GAL5vYOFzWo=",
      "license": "MIT"
    },
    "node_modules/setprototypeof": {
      "version": "1.2.0",
      "resolved": "https://artifactory.service.bo1.csnzoo.com/artifactory/api/npm/npm/setprototypeof/-/setprototypeof-1.2.0.tgz",
      "integrity": "sha1-ZsmiSnP5/CjL5msJ/tPTPcrxtCQ=",
      "license": "ISC"
    },
    "node_modules/statuses": {
      "version": "1.5.0",
      "resolved": "https://artifactory.service.bo1.csnzoo.com/artifactory/api/npm/npm/statuses/-/statuses-1.5.0.tgz",
      "integrity": "sha1-Fhx9rBd2Wf2YEfQ3cfqZOBR4Yow=",
      "license": "MIT",
      "engines": {
        "node": ">= 0.6"
      }
    },
    "node_modules/string_decoder": {
      "version": "0.10.31",
      "resolved": "https://artifactory.service.bo1.csnzoo.com/artifactory/api/npm/npm/string_decoder/-/string_decoder-0.10.31.tgz",
      "integrity": "sha1-YuIDvEF2bGwoyfyEMB2rHFMQ+pQ=",
      "license": "MIT"
    },
    "node_modules/string-template": {
      "version": "0.2.1",
      "resolved": "https://artifactory.service.bo1.csnzoo.com/artifactory/api/npm/npm/string-template/-/string-template-0.2.1.tgz",
      "integrity": "sha1-QpMuWYo1LQH8IuwzZ9nYTuxsmt0="
    },
    "node_modules/toidentifier": {
      "version": "1.0.1",
      "resolved": "https://artifactory.service.bo1.csnzoo.com/artifactory/api/npm/npm/toidentifier/-/toidentifier-1.0.1.tgz",
      "integrity": "sha1-O+NDIaiKgg7RvYDfqjPkefu43TU=",
      "license": "MIT",
      "engines": {
        "node": ">=0.6"
      }
    },
    "node_modules/type-is": {
      "version": "1.6.18",
      "resolved": "https://artifactory.service.bo1.csnzoo.com/artifactory/api/npm/npm/type-is/-/type-is-1.6.18.tgz",
      "integrity": "sha1-TlUs0F3wlGfcvE73Od6J8s83wTE=",
      "license": "MIT",
      "dependencies": {
        "media-typer": "0.3.0",
        "mime-types": "~2.1.24"
      },
      "engines": {
        "node": ">= 0.6"
      }
    },
    "node_modules/unpipe": {
      "version": "1.0.0",
      "resolved": "https://artifactory.service.bo1.csnzoo.com/artifactory/api/npm/npm/unpipe/-/unpipe-1.0.0.tgz",
      "integrity": "sha1-sr9O6FFKrmFltIF4KdIbLvSZBOw=",
      "license": "MIT",
      "engines": {
        "node": ">= 0.8"
      }
    }
  },
  "dependencies": {
    "@types/body": {
      "version": "5.1.1",
      "resolved": "https://artifactory.service.bo1.csnzoo.com/artifactory/api/npm/npm/@types/body/-/body-5.1.1.tgz",
      "integrity": "sha1-yemkIH90nlnyntEvdwiNhMYFiy4=",
      "dev": true,
      "requires": {
        "@types/node": "*"
      }
    },
    "@types/body-parser": {
      "version": "1.19.2",
      "resolved": "https://artifactory.service.bo1.csnzoo.com/artifactory/api/npm/npm/@types/body-parser/-/body-parser-1.19.2.tgz",
      "integrity": "sha1-rqIFnii3ZYY5CBNHrE+rPeFm5vA=",
      "dev": true,
      "requires": {
        "@types/connect": "*",
        "@types/node": "*"
      }
    },
    "@types/connect": {
      "version": "3.4.35",
      "resolved": "https://artifactory.service.bo1.csnzoo.com/artifactory/api/npm/npm/@types/connect/-/connect-3.4.35.tgz",
      "integrity": "sha1-X89q5EXkAh0fwiGaSHPMc6O7KtE=",
      "dev": true,
      "requires": {
        "@types/node": "*"
      }
    },
    "@types/http-proxy": {
      "version": "1.17.8",
      "resolved": "https://artifactory.service.bo1.csnzoo.com/artifactory/api/npm/npm/@types/http-proxy/-/http-proxy-1.17.8.tgz",
      "integrity": "sha1-loxmkD5+QrSDYIAw7oWADyLQP1U=",
      "dev": true,
      "requires": {
        "@types/node": "*"
      }
    },
    "@types/md5": {
      "version": "2.3.1",
      "resolved": "https://artifactory.service.bo1.csnzoo.com/artifactory/api/npm/npm/@types/md5/-/md5-2.3.1.tgz",
      "integrity": "sha1-AQvPO7UKLP86V0yxwLQFGpxn1rw=",
      "dev": true,
      "requires": {
        "@types/node": "*"
      }
    },
    "@types/node": {
      "version": "17.0.14",
      "resolved": "https://artifactory.service.bo1.csnzoo.com/artifactory/api/npm/npm/@types/node/-/node-17.0.14.tgz",
      "integrity": "sha1-M7m5T3iaj+3TCmjv28pNuwa2HyA=",
      "dev": true
    },
    "@types/node-forge": {
      "version": "0.10.10",
      "resolved": "https://artifactory.service.bo1.csnzoo.com/artifactory/api/npm/npm/@types/node-forge/-/node-forge-0.10.10.tgz",
      "integrity": "sha1-B//M8Pfz67l95nRGVVkSgDvlDns=",
      "dev": true,
      "requires": {
        "@types/node": "*"
      }
    },
    "@types/object-hash": {
      "version": "2.2.1",
      "resolved": "https://artifactory.service.bo1.csnzoo.com/artifactory/api/npm/npm/@types/object-hash/-/object-hash-2.2.1.tgz",
      "integrity": "sha1-Z8Fp+PAz4LYqu/gd8tAPRZjVQLk=",
      "dev": true
    },
    "body": {
      "version": "5.1.0",
      "resolved": "https://artifactory.service.bo1.csnzoo.com/artifactory/api/npm/npm/body/-/body-5.1.0.tgz",
      "integrity": "sha1-5LoM5BCkaTYyM2dgnstOZVMSUGk=",
      "requires": {
        "continuable-cache": "^0.3.1",
        "error": "^7.0.0",
        "raw-body": "~1.1.0",
        "safe-json-parse": "~1.0.1"
      }
    },
    "body-parser": {
      "version": "1.19.1",
      "resolved": "https://artifactory.service.bo1.csnzoo.com/artifactory/api/npm/npm/body-parser/-/body-parser-1.19.1.tgz",
      "integrity": "sha1-FJmruqknSvPsyfbxA5bJlZQ+MdQ=",
      "requires": {
        "bytes": "3.1.1",
        "content-type": "~1.0.4",
        "debug": "2.6.9",
        "depd": "~1.1.2",
        "http-errors": "1.8.1",
        "iconv-lite": "0.4.24",
        "on-finished": "~2.3.0",
        "qs": "6.9.6",
        "raw-body": "2.4.2",
        "type-is": "~1.6.18"
      },
      "dependencies": {
        "raw-body": {
          "version": "2.4.2",
          "resolved": "https://artifactory.service.bo1.csnzoo.com/artifactory/api/npm/npm/raw-body/-/raw-body-2.4.2.tgz",
          "integrity": "sha1-uvPpwh7rztWd1lM6yHK3H3thyzI=",
          "requires": {
            "bytes": "3.1.1",
            "http-errors": "1.8.1",
            "iconv-lite": "0.4.24",
            "unpipe": "1.0.0"
          }
        }
      }
    },
    "bytes": {
      "version": "3.1.1",
      "resolved": "https://artifactory.service.bo1.csnzoo.com/artifactory/api/npm/npm/bytes/-/bytes-3.1.1.tgz",
      "integrity": "sha1-PwGCkctMutmsy25pcLypyIieh5o="
    },
    "charenc": {
      "version": "0.0.2",
      "resolved": "https://artifactory.service.bo1.csnzoo.com/artifactory/api/npm/npm/charenc/-/charenc-0.0.2.tgz",
      "integrity": "sha1-wKHS86cJLgN3S/qD8UwPxXkKhmc="
    },
    "clone": {
      "version": "2.1.2",
      "resolved": "https://artifactory.service.bo1.csnzoo.com/artifactory/api/npm/npm/clone/-/clone-2.1.2.tgz",
      "integrity": "sha1-G39Ln1kfHo+DZwQBYANFoCiHQ18="
    },
    "content-type": {
      "version": "1.0.4",
      "resolved": "https://artifactory.service.bo1.csnzoo.com/artifactory/api/npm/npm/content-type/-/content-type-1.0.4.tgz",
      "integrity": "sha1-4TjMdeBAxyexlm/l5fjJruJW/js="
    },
    "continuable-cache": {
      "version": "0.3.1",
      "resolved": "https://artifactory.service.bo1.csnzoo.com/artifactory/api/npm/npm/continuable-cache/-/continuable-cache-0.3.1.tgz",
      "integrity": "sha1-vXJ6f67XfnH/OYWskzUakSczrQ8="
    },
    "crypt": {
      "version": "0.0.2",
      "resolved": "https://artifactory.service.bo1.csnzoo.com/artifactory/api/npm/npm/crypt/-/crypt-0.0.2.tgz",
      "integrity": "sha1-iNf/fsDfuG9xPch7u0LQRNPmxBs="
    },
    "debug": {
      "version": "2.6.9",
      "resolved": "https://artifactory.service.bo1.csnzoo.com/artifactory/api/npm/npm/debug/-/debug-2.6.9.tgz",
      "integrity": "sha1-XRKFFd8TT/Mn6QpMk/Tgd6U2NB8=",
      "requires": {
        "ms": "2.0.0"
      }
    },
    "depd": {
      "version": "1.1.2",
      "resolved": "https://artifactory.service.bo1.csnzoo.com/artifactory/api/npm/npm/depd/-/depd-1.1.2.tgz",
      "integrity": "sha1-m81S4UwJd2PnSbJ0xDRu0uVgtak="
    },
    "ee-first": {
      "version": "1.1.1",
      "resolved": "https://artifactory.service.bo1.csnzoo.com/artifactory/api/npm/npm/ee-first/-/ee-first-1.1.1.tgz",
      "integrity": "sha1-WQxhFWsK4vTwJVcyoViyZrxWsh0="
    },
    "error": {
      "version": "7.2.1",
      "resolved": "https://artifactory.service.bo1.csnzoo.com/artifactory/api/npm/npm/error/-/error-7.2.1.tgz",
      "integrity": "sha1-6rIaRom19oT8g9qEoOOQ3oLZSJQ=",
      "requires": {
        "string-template": "~0.2.1"
      }
    },
    "eventemitter3": {
      "version": "4.0.7",
      "resolved": "https://artifactory.service.bo1.csnzoo.com/artifactory/api/npm/npm/eventemitter3/-/eventemitter3-4.0.7.tgz",
      "integrity": "sha1-Lem2j2Uo1WRO9cWVJqG0oHMGFp8="
    },
    "follow-redirects": {
      "version": "1.14.7",
      "resolved": "https://artifactory.service.bo1.csnzoo.com/artifactory/api/npm/npm/follow-redirects/-/follow-redirects-1.14.7.tgz",
      "integrity": "sha1-IATALrlDbu6aIURqZHfevxfoFoU="
    },
    "fs": {
      "version": "0.0.1-security",
      "resolved": "https://artifactory.service.bo1.csnzoo.com/artifactory/api/npm/npm/fs/-/fs-0.0.1-security.tgz",
      "integrity": "sha1-invTcYa23d84E/I4WLV+yq9eQdQ="
    },
    "http-errors": {
      "version": "1.8.1",
      "resolved": "https://artifactory.service.bo1.csnzoo.com/artifactory/api/npm/npm/http-errors/-/http-errors-1.8.1.tgz",
      "integrity": "sha1-fD8oV3y8iiBziEVdvWIpXtB71ow=",
      "requires": {
        "depd": "~1.1.2",
        "inherits": "2.0.4",
        "setprototypeof": "1.2.0",
        "statuses": ">= 1.5.0 < 2",
        "toidentifier": "1.0.1"
      }
    },
    "http-proxy": {
      "version": "1.18.1",
      "resolved": "https://artifactory.service.bo1.csnzoo.com/artifactory/api/npm/npm/http-proxy/-/http-proxy-1.18.1.tgz",
      "integrity": "sha1-QBVB8FNIhLv5UmAzTnL4juOXZUk=",
      "requires": {
        "eventemitter3": "^4.0.0",
        "follow-redirects": "^1.0.0",
        "requires-port": "^1.0.0"
      }
    },
    "http-status-codes": {
      "version": "2.2.0",
      "resolved": "https://artifactory.service.bo1.csnzoo.com/artifactory/api/npm/npm/http-status-codes/-/http-status-codes-2.2.0.tgz",
      "integrity": "sha1-uy7+Y9lB38K+GOFfcD2lJRaWIr4="
    },
    "iconv-lite": {
      "version": "0.4.24",
      "resolved": "https://artifactory.service.bo1.csnzoo.com/artifactory/api/npm/npm/iconv-lite/-/iconv-lite-0.4.24.tgz",
      "integrity": "sha1-ICK0sl+93CHS9SSXSkdKr+czkIs=",
      "requires": {
        "safer-buffer": ">= 2.1.2 < 3"
      }
    },
    "inherits": {
      "version": "2.0.4",
      "resolved": "https://artifactory.service.bo1.csnzoo.com/artifactory/api/npm/npm/inherits/-/inherits-2.0.4.tgz",
      "integrity": "sha1-D6LGT5MpF8NDOg3tVTY6rjdBa3w="
    },
    "is-buffer": {
      "version": "1.1.6",
      "resolved": "https://artifactory.service.bo1.csnzoo.com/artifactory/api/npm/npm/is-buffer/-/is-buffer-1.1.6.tgz",
      "integrity": "sha1-76ouqdqg16suoTqXsritUf776L4="
    },
    "md5": {
      "version": "2.3.0",
      "resolved": "https://artifactory.service.bo1.csnzoo.com/artifactory/api/npm/npm/md5/-/md5-2.3.0.tgz",
      "integrity": "sha1-w9qaaq46MLRreww0m4exENw72k8=",
      "requires": {
        "charenc": "0.0.2",
        "crypt": "0.0.2",
        "is-buffer": "~1.1.6"
      }
    },
    "media-typer": {
      "version": "0.3.0",
      "resolved": "https://artifactory.service.bo1.csnzoo.com/artifactory/api/npm/npm/media-typer/-/media-typer-0.3.0.tgz",
      "integrity": "sha1-hxDXrwqmJvj/+hzgAWhUUmMlV0g="
    },
    "mime-db": {
      "version": "1.51.0",
      "resolved": "https://artifactory.service.bo1.csnzoo.com/artifactory/api/npm/npm/mime-db/-/mime-db-1.51.0.tgz",
      "integrity": "sha1-2f9iRRhZsYNC2WCFDcPPt35j+ww="
    },
    "mime-types": {
      "version": "2.1.34",
      "resolved": "https://artifactory.service.bo1.csnzoo.com/artifactory/api/npm/npm/mime-types/-/mime-types-2.1.34.tgz",
      "integrity": "sha1-WnEvnsFQNRGpRYA2QPr+CdN5PCQ=",
      "requires": {
        "mime-db": "1.51.0"
      }
    },
    "ms": {
      "version": "2.0.0",
      "resolved": "https://artifactory.service.bo1.csnzoo.com/artifactory/api/npm/npm/ms/-/ms-2.0.0.tgz",
      "integrity": "sha1-VgiurfwAvmwpAd9fmGF4jeDVl8g="
    },
    "node-cache": {
      "version": "5.1.2",
      "resolved": "https://artifactory.service.bo1.csnzoo.com/artifactory/api/npm/npm/node-cache/-/node-cache-5.1.2.tgz",
      "integrity": "sha1-8mTcLMrQp4DnYlOmlOn9DtGcOY0=",
      "requires": {
        "clone": "2.x"
      }
    },
    "node-forge": {
      "version": "0.10.0",
      "resolved": "https://artifactory.service.bo1.csnzoo.com/artifactory/api/npm/npm/node-forge/-/node-forge-0.10.0.tgz",
      "integrity": "sha1-Mt6ir7Ppkm8C7lzoeUkCaRpna/M="
    },
    "object-hash": {
      "version": "2.2.0",
      "resolved": "https://artifactory.service.bo1.csnzoo.com/artifactory/api/npm/npm/object-hash/-/object-hash-2.2.0.tgz",
      "integrity": "sha1-WtUYWB7vxEO9djRyuP8unCwNVKU="
    },
    "on-finished": {
      "version": "2.3.0",
      "resolved": "https://artifactory.service.bo1.csnzoo.com/artifactory/api/npm/npm/on-finished/-/on-finished-2.3.0.tgz",
      "integrity": "sha1-IPEzZIGwg811M3mSoWlxqi2QaUc=",
      "requires": {
        "ee-first": "1.1.1"
      }
    },
    "qs": {
      "version": "6.9.6",
      "resolved": "https://artifactory.service.bo1.csnzoo.com/artifactory/api/npm/npm/qs/-/qs-6.9.6.tgz",
      "integrity": "sha1-Ju08gkOkMbKSSsqEzJBHHzXVoO4="
    },
    "raw-body": {
      "version": "1.1.7",
      "resolved": "https://artifactory.service.bo1.csnzoo.com/artifactory/api/npm/npm/raw-body/-/raw-body-1.1.7.tgz",
      "integrity": "sha1-HQJ8K/oRasxmI7yo8AAWVyqH1CU=",
      "requires": {
        "bytes": "1",
        "string_decoder": "0.10"
      },
      "dependencies": {
        "bytes": {
          "version": "1.0.0",
          "resolved": "https://artifactory.service.bo1.csnzoo.com/artifactory/api/npm/npm/bytes/-/bytes-1.0.0.tgz",
          "integrity": "sha1-NWnt6Lo0MV+rmcPpLLBMciDeH6g="
        }
      }
    },
    "requires-port": {
      "version": "1.0.0",
      "resolved": "https://artifactory.service.bo1.csnzoo.com/artifactory/api/npm/npm/requires-port/-/requires-port-1.0.0.tgz",
      "integrity": "sha1-kl0mAdOaxIXgkc8NpcbmlNw9yv8="
    },
    "safe-json-parse": {
      "version": "1.0.1",
      "resolved": "https://artifactory.service.bo1.csnzoo.com/artifactory/api/npm/npm/safe-json-parse/-/safe-json-parse-1.0.1.tgz",
      "integrity": "sha1-PnZyPjjf3aE8mx0poeB//uSzC1c="
    },
    "safer-buffer": {
      "version": "2.1.2",
      "resolved": "https://artifactory.service.bo1.csnzoo.com/artifactory/api/npm/npm/safer-buffer/-/safer-buffer-2.1.2.tgz",
      "integrity": "sha1-RPoWGwGHuVSd2Eu5GAL5vYOFzWo="
    },
    "setprototypeof": {
      "version": "1.2.0",
      "resolved": "https://artifactory.service.bo1.csnzoo.com/artifactory/api/npm/npm/setprototypeof/-/setprototypeof-1.2.0.tgz",
      "integrity": "sha1-ZsmiSnP5/CjL5msJ/tPTPcrxtCQ="
    },
    "statuses": {
      "version": "1.5.0",
      "resolved": "https://artifactory.service.bo1.csnzoo.com/artifactory/api/npm/npm/statuses/-/statuses-1.5.0.tgz",
      "integrity": "sha1-Fhx9rBd2Wf2YEfQ3cfqZOBR4Yow="
    },
    "string_decoder": {
      "version": "0.10.31",
      "resolved": "https://artifactory.service.bo1.csnzoo.com/artifactory/api/npm/npm/string_decoder/-/string_decoder-0.10.31.tgz",
      "integrity": "sha1-YuIDvEF2bGwoyfyEMB2rHFMQ+pQ="
    },
    "string-template": {
      "version": "0.2.1",
      "resolved": "https://artifactory.service.bo1.csnzoo.com/artifactory/api/npm/npm/string-template/-/string-template-0.2.1.tgz",
      "integrity": "sha1-QpMuWYo1LQH8IuwzZ9nYTuxsmt0="
    },
    "toidentifier": {
      "version": "1.0.1",
      "resolved": "https://artifactory.service.bo1.csnzoo.com/artifactory/api/npm/npm/toidentifier/-/toidentifier-1.0.1.tgz",
      "integrity": "sha1-O+NDIaiKgg7RvYDfqjPkefu43TU="
    },
    "type-is": {
      "version": "1.6.18",
      "resolved": "https://artifactory.service.bo1.csnzoo.com/artifactory/api/npm/npm/type-is/-/type-is-1.6.18.tgz",
      "integrity": "sha1-TlUs0F3wlGfcvE73Od6J8s83wTE=",
      "requires": {
        "media-typer": "0.3.0",
        "mime-types": "~2.1.24"
      }
    },
    "unpipe": {
      "version": "1.0.0",
      "resolved": "https://artifactory.service.bo1.csnzoo.com/artifactory/api/npm/npm/unpipe/-/unpipe-1.0.0.tgz",
      "integrity": "sha1-sr9O6FFKrmFltIF4KdIbLvSZBOw="
    }
  }
}
