# THIS IS AN AUTOGENERATED FILE. DO NOT EDIT THIS FILE DIRECTLY.
# yarn lockfile v1


"@types/async@^3.2.12":
  version "3.2.12"
  resolved "https://artifactory.service.bo1.csnzoo.com/artifactory/api/npm/npm/@types/async/-/async-3.2.12.tgz#0ebbfaf3f249ffa0fdc50179b07705f69c90d70c"
  integrity sha1-Drv68/JJ/6D9xQF5sHcF9pyQ1ww=

"@types/chalk@^2.2.0":
  version "2.2.0"
  resolved "https://artifactory.service.bo1.csnzoo.com/artifactory/api/npm/npm/@types/chalk/-/chalk-2.2.0.tgz#b7f6e446f4511029ee8e3f43075fb5b73fbaa0ba"
  integrity sha1-t/bkRvRRECnujj9DB1+1tz+6oLo=
  dependencies:
    chalk "*"

"@types/commander@^2.12.2":
  version "2.12.2"
  resolved "https://artifactory.service.bo1.csnzoo.com/artifactory/api/npm/npm/@types/commander/-/commander-2.12.2.tgz#183041a23842d4281478fa5d23c5ca78e6fd08ae"
  integrity sha1-GDBBojhC1CgUePpdI8XKeOb9CK4=
  dependencies:
    commander "*"

"@types/http-proxy@^1.17.8":
  version "1.17.8"
  resolved "https://artifactory.service.bo1.csnzoo.com/artifactory/api/npm/npm/@types/http-proxy/-/http-proxy-1.17.8.tgz#968c66903e7e42b483608030ee85800f22d03f55"
  integrity sha1-loxmkD5+QrSDYIAw7oWADyLQP1U=
  dependencies:
    "@types/node" "*"

"@types/node@*":
  version "17.0.18"
  resolved "https://artifactory.service.bo1.csnzoo.com/artifactory/api/npm/npm/@types/node/-/node-17.0.18.tgz#3b4fed5cfb58010e3a2be4b6e74615e4847f1074"
  integrity sha1-O0/tXPtYAQ46K+S250YV5IR/EHQ=

ansi-styles@^4.1.0:
  version "4.3.0"
  resolved "https://artifactory.service.bo1.csnzoo.com/artifactory/api/npm/npm/ansi-styles/-/ansi-styles-4.3.0.tgz#edd803628ae71c04c85ae7a0906edad34b648937"
  integrity sha1-7dgDYornHATIWuegkG7a00tkiTc=
  dependencies:
    color-convert "^2.0.1"

async-await-retry@^1.2.4:
  version "1.2.4"
  resolved "https://artifactory.service.bo1.csnzoo.com/artifactory/api/npm/npm/async-await-retry/-/async-await-retry-1.2.4.tgz#20005cdab8920df9dfddbc00c08ea4b67c69d0a2"
  integrity sha1-IABc2riSDfnf3bwAwI6ktnxp0KI=

async@^3.2.3:
  version "3.2.3"
  resolved "https://artifactory.service.bo1.csnzoo.com/artifactory/api/npm/npm/async/-/async-3.2.3.tgz#ac53dafd3f4720ee9e8a160628f18ea91df196c9"
  integrity sha1-rFPa/T9HIO6eihYGKPGOqR3xlsk=

axios@^0.25.0:
  version "0.25.0"
  resolved "https://artifactory.service.bo1.csnzoo.com/artifactory/api/npm/npm/axios/-/axios-0.25.0.tgz#349cfbb31331a9b4453190791760a8d35b093e0a"
  integrity sha1-NJz7sxMxqbRFMZB5F2Co01sJPgo=
  dependencies:
    follow-redirects "^1.14.7"

chalk@*:
  version "5.0.0"
  resolved "https://artifactory.service.bo1.csnzoo.com/artifactory/api/npm/npm/chalk/-/chalk-5.0.0.tgz#bd96c6bb8e02b96e08c0c3ee2a9d90e050c7b832"
  integrity sha1-vZbGu44CuW4IwMPuKp2Q4FDHuDI=

chalk@^4:
  version "4.1.2"
  resolved "https://artifactory.service.bo1.csnzoo.com/artifactory/api/npm/npm/chalk/-/chalk-4.1.2.tgz#aac4e2b7734a740867aeb16bf02aad556a1e7a01"
  integrity sha1-qsTit3NKdAhnrrFr8CqtVWoeegE=
  dependencies:
    ansi-styles "^4.1.0"
    supports-color "^7.1.0"

color-convert@^2.0.1:
  version "2.0.1"
  resolved "https://artifactory.service.bo1.csnzoo.com/artifactory/api/npm/npm/color-convert/-/color-convert-2.0.1.tgz#72d3a68d598c9bdb3af2ad1e84f21d896abd4de3"
  integrity sha1-ctOmjVmMm9s68q0ehPIdiWq9TeM=
  dependencies:
    color-name "~1.1.4"

color-name@~1.1.4:
  version "1.1.4"
  resolved "https://artifactory.service.bo1.csnzoo.com/artifactory/api/npm/npm/color-name/-/color-name-1.1.4.tgz#c2a09a87acbde69543de6f63fa3995c826c536a2"
  integrity sha1-wqCah6y95pVD3m9j+jmVyCbFNqI=

commander@*, commander@^9.0.0:
  version "9.0.0"
  resolved "https://artifactory.service.bo1.csnzoo.com/artifactory/api/npm/npm/commander/-/commander-9.0.0.tgz#86d58f24ee98126568936bd1d3574e0308a99a40"
  integrity sha1-htWPJO6YEmVok2vR01dOAwipmkA=

docker-compose@^0.23.17:
  version "0.23.17"
  resolved "https://artifactory.service.bo1.csnzoo.com/artifactory/api/npm/npm/docker-compose/-/docker-compose-0.23.17.tgz#8816bef82562d9417dc8c790aa4871350f93a2ba"
  integrity sha1-iBa++CVi2UF9yMeQqkhxNQ+Toro=
  dependencies:
    yaml "^1.10.2"

figlet@^1.5.2:
  version "1.5.2"
  resolved "https://artifactory.service.bo1.csnzoo.com/artifactory/api/npm/npm/figlet/-/figlet-1.5.2.tgz#dda34ff233c9a48e36fcff6741aeb5bafe49b634"
  integrity sha1-3aNP8jPJpI42/P9nQa61uv5JtjQ=

follow-redirects@^1.14.7:
  version "1.14.8"
  resolved "https://artifactory.service.bo1.csnzoo.com/artifactory/api/npm/npm/follow-redirects/-/follow-redirects-1.14.8.tgz#016996fb9a11a100566398b1c6839337d7bfa8fc"
  integrity sha1-AWmW+5oRoQBWY5ixxoOTN9e/qPw=

has-flag@^4.0.0:
  version "4.0.0"
  resolved "https://artifactory.service.bo1.csnzoo.com/artifactory/api/npm/npm/has-flag/-/has-flag-4.0.0.tgz#944771fd9c81c81265c4d6941860da06bb59479b"
  integrity sha1-lEdx/ZyByBJlxNaUGGDaBrtZR5s=

net@^1.0.2:
  version "1.0.2"
  resolved "https://artifactory.service.bo1.csnzoo.com/artifactory/api/npm/npm/net/-/net-1.0.2.tgz#d1757ec9a7fb2371d83cf4755ce3e27e10829388"
  integrity sha1-0XV+yaf7I3HYPPR1XOPifhCCk4g=

supports-color@^7.1.0:
  version "7.2.0"
  resolved "https://artifactory.service.bo1.csnzoo.com/artifactory/api/npm/npm/supports-color/-/supports-color-7.2.0.tgz#1b7dcdcb32b8138801b3e478ba6a51caa89648da"
  integrity sha1-G33NyzK4E4gBs+R4umpRyqiWSNo=
  dependencies:
    has-flag "^4.0.0"

yaml@^1.10.2:
  version "1.10.2"
  resolved "https://artifactory.service.bo1.csnzoo.com/artifactory/api/npm/npm/yaml/-/yaml-1.10.2.tgz#2301c5ffbf12b467de8da2333a459e29e7920e4b"
  integrity sha1-IwHF/78StGfejaIzOkWeKeeSDks=
